
Microsoft Visual Studio Solution File, Format Version 12.00
# Visual Studio Version 17
VisualStudioVersion = 17.8.34316.72
MinimumVisualStudioVersion = 10.0.40219.1
Project("{9A19103F-16F7-4668-BE54-9A1E7A4F7556}") = "Day01", "Day01\Day01.csproj", "{6BB87DB3-8891-4A84-85B2-D1D1192D0C6F}"
EndProject
Project("{9A19103F-16F7-4668-BE54-9A1E7A4F7556}") = "Day02", "Day02\Day02.csproj", "{BAAD4277-32D5-4C44-9E03-146FD090C939}"
EndProject
Project("{2150E333-8FDC-42A3-9474-1A3956D46DE8}") = "Solution Items", "Solution Items", "{E9F4B717-6904-4398-B216-E608ABFC1D46}"
	ProjectSection(SolutionItems) = preProject
		README.md = README.md
	EndProjectSection
EndProject
Project("{FAE04EC0-301F-11D3-BF4B-00C04F79EFBC}") = "Day03", "Day03\Day03.csproj", "{3EE8A1CC-AA3C-4AE1-94A9-162C67AD9F2D}"
EndProject
Project("{FAE04EC0-301F-11D3-BF4B-00C04F79EFBC}") = "Day04", "Day04\Day04.csproj", "{A316AF1C-A34B-4D7E-B314-0096B3F2A2BB}"
EndProject
Global
	GlobalSection(SolutionConfigurationPlatforms) = preSolution
		Debug|Any CPU = Debug|Any CPU
		Release|Any CPU = Release|Any CPU
	EndGlobalSection
	GlobalSection(ProjectConfigurationPlatforms) = postSolution
		{6BB87DB3-8891-4A84-85B2-D1D1192D0C6F}.Debug|Any CPU.ActiveCfg = Debug|Any CPU
		{6BB87DB3-8891-4A84-85B2-D1D1192D0C6F}.Debug|Any CPU.Build.0 = Debug|Any CPU
		{6BB87DB3-8891-4A84-85B2-D1D1192D0C6F}.Release|Any CPU.ActiveCfg = Release|Any CPU
		{6BB87DB3-8891-4A84-85B2-D1D1192D0C6F}.Release|Any CPU.Build.0 = Release|Any CPU
		{BAAD4277-32D5-4C44-9E03-146FD090C939}.Debug|Any CPU.ActiveCfg = Debug|Any CPU
		{BAAD4277-32D5-4C44-9E03-146FD090C939}.Debug|Any CPU.Build.0 = Debug|Any CPU
		{BAAD4277-32D5-4C44-9E03-146FD090C939}.Release|Any CPU.ActiveCfg = Release|Any CPU
		{BAAD4277-32D5-4C44-9E03-146FD090C939}.Release|Any CPU.Build.0 = Release|Any CPU
		{3EE8A1CC-AA3C-4AE1-94A9-162C67AD9F2D}.Debug|Any CPU.ActiveCfg = Debug|Any CPU
		{3EE8A1CC-AA3C-4AE1-94A9-162C67AD9F2D}.Debug|Any CPU.Build.0 = Debug|Any CPU
		{3EE8A1CC-AA3C-4AE1-94A9-162C67AD9F2D}.Release|Any CPU.ActiveCfg = Release|Any CPU
		{3EE8A1CC-AA3C-4AE1-94A9-162C67AD9F2D}.Release|Any CPU.Build.0 = Release|Any CPU
		{A316AF1C-A34B-4D7E-B314-0096B3F2A2BB}.Debug|Any CPU.ActiveCfg = Debug|Any CPU
		{A316AF1C-A34B-4D7E-B314-0096B3F2A2BB}.Debug|Any CPU.Build.0 = Debug|Any CPU
		{A316AF1C-A34B-4D7E-B314-0096B3F2A2BB}.Release|Any CPU.ActiveCfg = Release|Any CPU
		{A316AF1C-A34B-4D7E-B314-0096B3F2A2BB}.Release|Any CPU.Build.0 = Release|Any CPU
	EndGlobalSection
	GlobalSection(SolutionProperties) = preSolution
		HideSolutionNode = FALSE
	EndGlobalSection
	GlobalSection(ExtensibilityGlobals) = postSolution
		SolutionGuid = {6EC00FE0-07A3-4654-B212-C082DDCD1ECE}
	EndGlobalSection
EndGlobal
